
Microsoft Visual Studio Solution File, Format Version 12.00
# Visual Studio 15
VisualStudioVersion = 15.0.27130.2020
MinimumVisualStudioVersion = 10.0.40219.1
Project("{FAE04EC0-301F-11D3-BF4B-00C04F79EFBC}") = "SpatialSlur", "SpatialSlur\SpatialSlur.csproj", "{B57AF965-5201-4215-8077-50B3CC8B1F6B}"
EndProject
Project("{FAE04EC0-301F-11D3-BF4B-00C04F79EFBC}") = "Examples", "Examples\Examples.csproj", "{2BCAE614-C7C3-4359-9701-3A1F7DD4C85F}"
	ProjectSection(ProjectDependencies) = postProject
		{B57AF965-5201-4215-8077-50B3CC8B1F6B} = {B57AF965-5201-4215-8077-50B3CC8B1F6B}
	EndProjectSection
EndProject
Project("{FAE04EC0-301F-11D3-BF4B-00C04F79EFBC}") = "SlurGH", "SlurGH\SlurGH.csproj", "{BC254A97-352C-41D5-BEBE-CF792ABE454D}"
	ProjectSection(ProjectDependencies) = postProject
		{B57AF965-5201-4215-8077-50B3CC8B1F6B} = {B57AF965-5201-4215-8077-50B3CC8B1F6B}
	EndProjectSection
EndProject
Project("{FAE04EC0-301F-11D3-BF4B-00C04F79EFBC}") = "UnitTests", "UnitTests\UnitTests.csproj", "{C6CB6A3C-C7C3-47EC-A3E1-56B7D07F4378}"
EndProject
Global
	GlobalSection(SolutionConfigurationPlatforms) = preSolution
		Default Debug|Any CPU = Default Debug|Any CPU
		Default|Any CPU = Default|Any CPU
		Rhino Debug|Any CPU = Rhino Debug|Any CPU
		Rhino|Any CPU = Rhino|Any CPU
		Unity Debug|Any CPU = Unity Debug|Any CPU
		Unity|Any CPU = Unity|Any CPU
	EndGlobalSection
	GlobalSection(ProjectConfigurationPlatforms) = postSolution
		{B57AF965-5201-4215-8077-50B3CC8B1F6B}.Default Debug|Any CPU.ActiveCfg = Default Debug|Any CPU
		{B57AF965-5201-4215-8077-50B3CC8B1F6B}.Default Debug|Any CPU.Build.0 = Default Debug|Any CPU
		{B57AF965-5201-4215-8077-50B3CC8B1F6B}.Default|Any CPU.ActiveCfg = Default|Any CPU
		{B57AF965-5201-4215-8077-50B3CC8B1F6B}.Default|Any CPU.Build.0 = Default|Any CPU
		{B57AF965-5201-4215-8077-50B3CC8B1F6B}.Rhino Debug|Any CPU.ActiveCfg = Rhino Debug|Any CPU
		{B57AF965-5201-4215-8077-50B3CC8B1F6B}.Rhino Debug|Any CPU.Build.0 = Rhino Debug|Any CPU
		{B57AF965-5201-4215-8077-50B3CC8B1F6B}.Rhino|Any CPU.ActiveCfg = Rhino|Any CPU
		{B57AF965-5201-4215-8077-50B3CC8B1F6B}.Rhino|Any CPU.Build.0 = Rhino|Any CPU
		{B57AF965-5201-4215-8077-50B3CC8B1F6B}.Unity Debug|Any CPU.ActiveCfg = Unity Debug|Any CPU
		{B57AF965-5201-4215-8077-50B3CC8B1F6B}.Unity Debug|Any CPU.Build.0 = Unity Debug|Any CPU
		{B57AF965-5201-4215-8077-50B3CC8B1F6B}.Unity|Any CPU.ActiveCfg = Unity|Any CPU
		{B57AF965-5201-4215-8077-50B3CC8B1F6B}.Unity|Any CPU.Build.0 = Unity|Any CPU
		{2BCAE614-C7C3-4359-9701-3A1F7DD4C85F}.Default Debug|Any CPU.ActiveCfg = Default Debug|Any CPU
		{2BCAE614-C7C3-4359-9701-3A1F7DD4C85F}.Default Debug|Any CPU.Build.0 = Default Debug|Any CPU
		{2BCAE614-C7C3-4359-9701-3A1F7DD4C85F}.Default|Any CPU.ActiveCfg = Default|Any CPU
		{2BCAE614-C7C3-4359-9701-3A1F7DD4C85F}.Default|Any CPU.Build.0 = Default|Any CPU
		{2BCAE614-C7C3-4359-9701-3A1F7DD4C85F}.Rhino Debug|Any CPU.ActiveCfg = Default Debug|Any CPU
		{2BCAE614-C7C3-4359-9701-3A1F7DD4C85F}.Rhino|Any CPU.ActiveCfg = Default|Any CPU
		{2BCAE614-C7C3-4359-9701-3A1F7DD4C85F}.Unity Debug|Any CPU.ActiveCfg = Default Debug|Any CPU
		{2BCAE614-C7C3-4359-9701-3A1F7DD4C85F}.Unity|Any CPU.ActiveCfg = Default|Any CPU
		{BC254A97-352C-41D5-BEBE-CF792ABE454D}.Default Debug|Any CPU.ActiveCfg = Rhino Debug|Any CPU
		{BC254A97-352C-41D5-BEBE-CF792ABE454D}.Default|Any CPU.ActiveCfg = Rhino|Any CPU
		{BC254A97-352C-41D5-BEBE-CF792ABE454D}.Rhino Debug|Any CPU.ActiveCfg = Rhino Debug|Any CPU
		{BC254A97-352C-41D5-BEBE-CF792ABE454D}.Rhino Debug|Any CPU.Build.0 = Rhino Debug|Any CPU
		{BC254A97-352C-41D5-BEBE-CF792ABE454D}.Rhino|Any CPU.ActiveCfg = Rhino|Any CPU
		{BC254A97-352C-41D5-BEBE-CF792ABE454D}.Rhino|Any CPU.Build.0 = Rhino|Any CPU
		{BC254A97-352C-41D5-BEBE-CF792ABE454D}.Unity Debug|Any CPU.ActiveCfg = Rhino Debug|Any CPU
		{BC254A97-352C-41D5-BEBE-CF792ABE454D}.Unity|Any CPU.ActiveCfg = Rhino|Any CPU
		{C6CB6A3C-C7C3-47EC-A3E1-56B7D07F4378}.Default Debug|Any CPU.ActiveCfg = Default Debug|Any CPU
		{C6CB6A3C-C7C3-47EC-A3E1-56B7D07F4378}.Default Debug|Any CPU.Build.0 = Default Debug|Any CPU
		{C6CB6A3C-C7C3-47EC-A3E1-56B7D07F4378}.Default|Any CPU.ActiveCfg = Default|Any CPU
		{C6CB6A3C-C7C3-47EC-A3E1-56B7D07F4378}.Default|Any CPU.Build.0 = Default|Any CPU
		{C6CB6A3C-C7C3-47EC-A3E1-56B7D07F4378}.Rhino Debug|Any CPU.ActiveCfg = Default Debug|Any CPU
		{C6CB6A3C-C7C3-47EC-A3E1-56B7D07F4378}.Rhino|Any CPU.ActiveCfg = Default|Any CPU
		{C6CB6A3C-C7C3-47EC-A3E1-56B7D07F4378}.Unity Debug|Any CPU.ActiveCfg = Default Debug|Any CPU
		{C6CB6A3C-C7C3-47EC-A3E1-56B7D07F4378}.Unity|Any CPU.ActiveCfg = Default|Any CPU
	EndGlobalSection
	GlobalSection(SolutionProperties) = preSolution
		HideSolutionNode = FALSE
	EndGlobalSection
	GlobalSection(ExtensibilityGlobals) = postSolution
		SolutionGuid = {BF55989E-C85C-43F1-9E8B-5A356EBA24E1}
	EndGlobalSection
EndGlobal
